
Microsoft Visual Studio Solution File, Format Version 12.00
# Visual Studio Version 16
VisualStudioVersion = 16.0.30804.86
MinimumVisualStudioVersion = 10.0.40219.1
Project("{FAE04EC0-301F-11D3-BF4B-00C04F79EFBC}") = "ReactPeopleBackend.Web", "ReactPeopleBackend.Web\ReactPeopleBackend.Web.csproj", "{85D65996-3814-4A2C-8D10-75249BD8322E}"
EndProject
Project("{FAE04EC0-301F-11D3-BF4B-00C04F79EFBC}") = "ReactPeopleBackend.Data", "ReactPeopleBackend.Data\ReactPeopleBackend.Data.csproj", "{AD505F5E-7CDC-4B8D-85A6-B34C44A84979}"
EndProject
Global
	GlobalSection(SolutionConfigurationPlatforms) = preSolution
		Debug|Any CPU = Debug|Any CPU
		Release|Any CPU = Release|Any CPU
	EndGlobalSection
	GlobalSection(ProjectConfigurationPlatforms) = postSolution
		{85D65996-3814-4A2C-8D10-75249BD8322E}.Debug|Any CPU.ActiveCfg = Debug|Any CPU
		{85D65996-3814-4A2C-8D10-75249BD8322E}.Debug|Any CPU.Build.0 = Debug|Any CPU
		{85D65996-3814-4A2C-8D10-75249BD8322E}.Release|Any CPU.ActiveCfg = Release|Any CPU
		{85D65996-3814-4A2C-8D10-75249BD8322E}.Release|Any CPU.Build.0 = Release|Any CPU
		{AD505F5E-7CDC-4B8D-85A6-B34C44A84979}.Debug|Any CPU.ActiveCfg = Debug|Any CPU
		{AD505F5E-7CDC-4B8D-85A6-B34C44A84979}.Debug|Any CPU.Build.0 = Debug|Any CPU
		{AD505F5E-7CDC-4B8D-85A6-B34C44A84979}.Release|Any CPU.ActiveCfg = Release|Any CPU
		{AD505F5E-7CDC-4B8D-85A6-B34C44A84979}.Release|Any CPU.Build.0 = Release|Any CPU
	EndGlobalSection
	GlobalSection(SolutionProperties) = preSolution
		HideSolutionNode = FALSE
	EndGlobalSection
	GlobalSection(ExtensibilityGlobals) = postSolution
		SolutionGuid = {F5A2AFAF-9F9E-4A4A-8579-1FAD00D7DCA7}
	EndGlobalSection
EndGlobal
